
Microsoft Visual Studio Solution File, Format Version 12.00
# Visual Studio Version 17
VisualStudioVersion = 17.11.35312.102
MinimumVisualStudioVersion = 10.0.40219.1
Project("{FAE04EC0-301F-11D3-BF4B-00C04F79EFBC}") = "Assignment 2 Fixed", "Assignment 2 Fixed.csproj", "{BDEF83FC-B738-4BA8-A6C0-42B910517F76}"
EndProject
Global
	GlobalSection(SolutionConfigurationPlatforms) = preSolution
		Debug|Any CPU = Debug|Any CPU
		Release|Any CPU = Release|Any CPU
	EndGlobalSection
	GlobalSection(ProjectConfigurationPlatforms) = postSolution
		{BDEF83FC-B738-4BA8-A6C0-42B910517F76}.Debug|Any CPU.ActiveCfg = Debug|Any CPU
		{BDEF83FC-B738-4BA8-A6C0-42B910517F76}.Debug|Any CPU.Build.0 = Debug|Any CPU
		{BDEF83FC-B738-4BA8-A6C0-42B910517F76}.Release|Any CPU.ActiveCfg = Release|Any CPU
		{BDEF83FC-B738-4BA8-A6C0-42B910517F76}.Release|Any CPU.Build.0 = Release|Any CPU
	EndGlobalSection
	GlobalSection(SolutionProperties) = preSolution
		HideSolutionNode = FALSE
	EndGlobalSection
	GlobalSection(ExtensibilityGlobals) = postSolution
		SolutionGuid = {9FC8202B-7EAD-43F6-ACA1-5CC83C85A60A}
	EndGlobalSection
EndGlobal
